
Microsoft Visual Studio Solution File, Format Version 12.00
# Visual Studio Version 17
VisualStudioVersion = 17.1.32210.238
MinimumVisualStudioVersion = 10.0.40219.1
Project("{FAE04EC0-301F-11D3-BF4B-00C04F79EFBC}") = "Minesweeper", "Minesweeper\Minesweeper.csproj", "{D4E13A0D-2262-4F49-87A9-C778100976B8}"
EndProject
Global
	GlobalSection(SolutionConfigurationPlatforms) = preSolution
		Debug|Any CPU = Debug|Any CPU
		Release|Any CPU = Release|Any CPU
	EndGlobalSection
	GlobalSection(ProjectConfigurationPlatforms) = postSolution
		{D4E13A0D-2262-4F49-87A9-C778100976B8}.Debug|Any CPU.ActiveCfg = Debug|Any CPU
		{D4E13A0D-2262-4F49-87A9-C778100976B8}.Debug|Any CPU.Build.0 = Debug|Any CPU
		{D4E13A0D-2262-4F49-87A9-C778100976B8}.Release|Any CPU.ActiveCfg = Release|Any CPU
		{D4E13A0D-2262-4F49-87A9-C778100976B8}.Release|Any CPU.Build.0 = Release|Any CPU
	EndGlobalSection
	GlobalSection(SolutionProperties) = preSolution
		HideSolutionNode = FALSE
	EndGlobalSection
	GlobalSection(ExtensibilityGlobals) = postSolution
		SolutionGuid = {1E84615F-DEC6-4C4B-8B98-F9A26482C5EE}
	EndGlobalSection
EndGlobal
